// !$*UTF8*$!
{
	archiveVersion = 1;
	classes = {
	};
	objectVersion = 46;
	objects = {

/* Begin PBXBuildFile section */
		1B7A29BD1DBA91BF00C18295 /* AppDelegate.swift in Sources */ = {isa = PBXBuildFile; fileRef = 1B7A29BC1DBA91BF00C18295 /* AppDelegate.swift */; };
		1B7A29BF1DBA91BF00C18295 /* ViewController.swift in Sources */ = {isa = PBXBuildFile; fileRef = 1B7A29BE1DBA91BF00C18295 /* ViewController.swift */; };
		1B7A29C21DBA91BF00C18295 /* Main.storyboard in Resources */ = {isa = PBXBuildFile; fileRef = 1B7A29C01DBA91BF00C18295 /* Main.storyboard */; };
		1B7A29C51DBA91BF00C18295 /* honey_do_list.xcdatamodeld in Sources */ = {isa = PBXBuildFile; fileRef = 1B7A29C31DBA91BF00C18295 /* honey_do_list.xcdatamodeld */; };
		1B7A29C71DBA91BF00C18295 /* Assets.xcassets in Resources */ = {isa = PBXBuildFile; fileRef = 1B7A29C61DBA91BF00C18295 /* Assets.xcassets */; };
		1B7A29CA1DBA91BF00C18295 /* LaunchScreen.storyboard in Resources */ = {isa = PBXBuildFile; fileRef = 1B7A29C81DBA91BF00C18295 /* LaunchScreen.storyboard */; };
/* End PBXBuildFile section */

/* Begin PBXFileReference section */
		1B7A29B91DBA91BF00C18295 /* honey-do-list.app */ = {isa = PBXFileReference; explicitFileType = wrapper.application; includeInIndex = 0; path = "honey-do-list.app"; sourceTree = BUILT_PRODUCTS_DIR; };
		1B7A29BC1DBA91BF00C18295 /* AppDelegate.swift */ = {isa = PBXFileReference; lastKnownFileType = sourcecode.swift; path = AppDelegate.swift; sourceTree = "<group>"; };
		1B7A29BE1DBA91BF00C18295 /* ViewController.swift */ = {isa = PBXFileReference; lastKnownFileType = sourcecode.swift; path = ViewController.swift; sourceTree = "<group>"; };
		1B7A29C11DBA91BF00C18295 /* Base */ = {isa = PBXFileReference; lastKnownFileType = file.storyboard; name = Base; path = Base.lproj/Main.storyboard; sourceTree = "<group>"; };
		1B7A29C41DBA91BF00C18295 /* honey_do_list.xcdatamodel */ = {isa = PBXFileReference; lastKnownFileType = wrapper.xcdatamodel; path = honey_do_list.xcdatamodel; sourceTree = "<group>"; };
		1B7A29C61DBA91BF00C18295 /* Assets.xcassets */ = {isa = PBXFileReference; lastKnownFileType = folder.assetcatalog; path = Assets.xcassets; sourceTree = "<group>"; };
		1B7A29C91DBA91BF00C18295 /* Base */ = {isa = PBXFileReference; lastKnownFileType = file.storyboard; name = Base; path = Base.lproj/LaunchScreen.storyboard; sourceTree = "<group>"; };
		1B7A29CB1DBA91BF00C18295 /* Info.plist */ = {isa = PBXFileReference; lastKnownFileType = text.plist.xml; path = Info.plist; sourceTree = "<group>"; };
/* End PBXFileReference section */

/* Begin PBXFrameworksBuildPhase section */
		1B7A29B61DBA91BF00C18295 /* Frameworks */ = {
			isa = PBXFrameworksBuildPhase;
			buildActionMask = 2147483647;
			files = (
			);
			runOnlyForDeploymentPostprocessing = 0;
		};
/* End PBXFrameworksBuildPhase section */

/* Begin PBXGroup section */
		1B7A29B01DBA91BF00C18295 = {
			isa = PBXGroup;
			children = (
				1B7A29BB1DBA91BF00C18295 /* honey-do-list */,
				1B7A29BA1DBA91BF00C18295 /* Products */,
			);
			sourceTree = "<group>";
		};
		1B7A29BA1DBA91BF00C18295 /* Products */ = {
			isa = PBXGroup;
			children = (
				1B7A29B91DBA91BF00C18295 /* honey-do-list.app */,
			);
			name = Products;
			sourceTree = "<group>";
		};
		1B7A29BB1DBA91BF00C18295 /* honey-do-list */ = {
			isa = PBXGroup;
			children = (
				1B7A29BC1DBA91BF00C18295 /* AppDelegate.swift */,
				1B7A29BE1DBA91BF00C18295 /* ViewController.swift */,
				1B7A29C01DBA91BF00C18295 /* Main.storyboard */,
				1B7A29C61DBA91BF00C18295 /* Assets.xcassets */,
				1B7A29C81DBA91BF00C18295 /* LaunchScreen.storyboard */,
				1B7A29CB1DBA91BF00C18295 /* Info.plist */,
				1B7A29C31DBA91BF00C18295 /* honey_do_list.xcdatamodeld */,
			);
			path = "honey-do-list";
			sourceTree = "<group>";
		};
/* End PBXGroup section */

/* Begin PBXNativeTarget section */
		1B7A29B81DBA91BF00C18295 /* honey-do-list */ = {
			isa = PBXNativeTarget;
			buildConfigurationList = 1B7A29CE1DBA91BF00C18295 /* Build configuration list for PBXNativeTarget "honey-do-list" */;
			buildPhases = (
				1B7A29B51DBA91BF00C18295 /* Sources */,
				1B7A29B61DBA91BF00C18295 /* Frameworks */,
				1B7A29B71DBA91BF00C18295 /* Resources */,
			);
			buildRules = (
			);
			dependencies = (
			);
			name = "honey-do-list";
			productName = "honey-do-list";
			productReference = 1B7A29B91DBA91BF00C18295 /* honey-do-list.app */;
			productType = "com.apple.product-type.application";
		};
/* End PBXNativeTarget section */

/* Begin PBXProject section */
		1B7A29B11DBA91BF00C18295 /* Project object */ = {
			isa = PBXProject;
			attributes = {
				LastSwiftUpdateCheck = 0800;
				LastUpgradeCheck = 0800;
				ORGANIZATIONNAME = jennyshalai;
				TargetAttributes = {
					1B7A29B81DBA91BF00C18295 = {
						CreatedOnToolsVersion = 8.0;
						DevelopmentTeam = T968CB326T;
						ProvisioningStyle = Automatic;
					};
				};
			};
			buildConfigurationList = 1B7A29B41DBA91BF00C18295 /* Build configuration list for PBXProject "honey-do-list" */;
			compatibilityVersion = "Xcode 3.2";
			developmentRegion = English;
			hasScannedForEncodings = 0;
			knownRegions = (
				en,
				Base,
			);
			mainGroup = 1B7A29B01DBA91BF00C18295;
			productRefGroup = 1B7A29BA1DBA91BF00C18295 /* Products */;
			projectDirPath = "";
			projectRoot = "";
			targets = (
				1B7A29B81DBA91BF00C18295 /* honey-do-list */,
			);
		};
/* End PBXProject section */

/* Begin PBXResourcesBuildPhase section */
		1B7A29B71DBA91BF00C18295 /* Resources */ = {
			isa = PBXResourcesBuildPhase;
			buildActionMask = 2147483647;
			files = (
				1B7A29CA1DBA91BF00C18295 /* LaunchScreen.storyboard in Resources */,
				1B7A29C71DBA91BF00C18295 /* Assets.xcassets in Resources */,
				1B7A29C21DBA91BF00C18295 /* Main.storyboard in Resources */,
			);
			runOnlyForDeploymentPostprocessing = 0;
		};
/* End PBXResourcesBuildPhase section */

/* Begin PBXSourcesBuildPhase section */
		1B7A29B51DBA91BF00C18295 /* Sources */ = {
			isa = PBXSourcesBuildPhase;
			buildActionMask = 2147483647;
			files = (
				1B7A29C51DBA91BF00C18295 /* honey_do_list.xcdatamodeld in Sources */,
				1B7A29BF1DBA91BF00C18295 /* ViewController.swift in Sources */,
				1B7A29BD1DBA91BF00C18295 /* AppDelegate.swift in Sources */,
			);
			runOnlyForDeploymentPostprocessing = 0;
		};
/* End PBXSourcesBuildPhase section */

/* Begin PBXVariantGroup section */
		1B7A29C01DBA91BF00C18295 /* Main.storyboard */ = {
			isa = PBXVariantGroup;
			children = (
				1B7A29C11DBA91BF00C18295 /* Base */,
			);
			name = Main.storyboard;
			sourceTree = "<group>";
		};
		1B7A29C81DBA91BF00C18295 /* LaunchScreen.storyboard */ = {
			isa = PBXVariantGroup;
			children = (
				1B7A29C91DBA91BF00C18295 /* Base */,
			);
			name = LaunchScreen.storyboard;
			sourceTree = "<group>";
		};
/* End PBXVariantGroup section */

/* Begin XCBuildConfiguration section */
		1B7A29CC1DBA91BF00C18295 /* Debug */ = {
			isa = XCBuildConfiguration;
			buildSettings = {
				ALWAYS_SEARCH_USER_PATHS = NO;
				CLANG_ANALYZER_NONNULL = YES;
				CLANG_CXX_LANGUAGE_STANDARD = "gnu++0x";
				CLANG_CXX_LIBRARY = "libc++";
				CLANG_ENABLE_MODULES = YES;
				CLANG_ENABLE_OBJC_ARC = YES;
				CLANG_WARN_BOOL_CONVERSION = YES;
				CLANG_WARN_CONSTANT_CONVERSION = YES;
				CLANG_WARN_DIRECT_OBJC_ISA_USAGE = YES_ERROR;
				CLANG_WARN_DOCUMENTATION_COMMENTS = YES;
				CLANG_WARN_EMPTY_BODY = YES;
				CLANG_WARN_ENUM_CONVERSION = YES;
				CLANG_WARN_INFINITE_RECURSION = YES;
				CLANG_WARN_INT_CONVERSION = YES;
				CLANG_WARN_OBJC_ROOT_CLASS = YES_ERROR;
				CLANG_WARN_SUSPICIOUS_MOVES = YES;
				CLANG_WARN_UNREACHABLE_CODE = YES;
				CLANG_WARN__DUPLICATE_METHOD_MATCH = YES;
				"CODE_SIGN_IDENTITY[sdk=iphoneos*]" = "iPhone Developer";
				COPY_PHASE_STRIP = NO;
				DEBUG_INFORMATION_FORMAT = dwarf;
				ENABLE_STRICT_OBJC_MSGSEND = YES;
				ENABLE_TESTABILITY = YES;
				GCC_C_LANGUAGE_STANDARD = gnu99;
				GCC_DYNAMIC_NO_PIC = NO;
				GCC_NO_COMMON_BLOCKS = YES;
				GCC_OPTIMIZATION_LEVEL = 0;
				GCC_PREPROCESSOR_DEFINITIONS = (
					"DEBUG=1",
					"$(inherited)",
				);
				GCC_WARN_64_TO_32_BIT_CONVERSION = YES;
				GCC_WARN_ABOUT_RETURN_TYPE = YES_ERROR;
				GCC_WARN_UNDECLARED_SELECTOR = YES;
				GCC_WARN_UNINITIALIZED_AUTOS = YES_AGGRESSIVE;
				GCC_WARN_UNUSED_FUNCTION = YES;
				GCC_WARN_UNUSED_VARIABLE = YES;
				IPHONEOS_DEPLOYMENT_TARGET = 10.0;
				MTL_ENABLE_DEBUG_INFO = YES;
				ONLY_ACTIVE_ARCH = YES;
				SDKROOT = iphoneos;
				SWIFT_ACTIVE_COMPILATION_CONDITIONS = DEBUG;
				SWIFT_OPTIMIZATION_LEVEL = "-Onone";
				TARGETED_DEVICE_FAMILY = "1,2";
			};
			name = Debug;
		};
		1B7A29CD1DBA91BF00C18295 /* Release */ = {
			isa = XCBuildConfiguration;
			buildSettings = {
				ALWAYS_SEARCH_USER_PATHS = NO;
				CLANG_ANALYZER_NONNULL = YES;
				CLANG_CXX_LANGUAGE_STANDARD = "gnu++0x";
				CLANG_CXX_LIBRARY = "libc++";
				CLANG_ENABLE_MODULES = YES;
				CLANG_ENABLE_OBJC_ARC = YES;
				CLANG_WARN_BOOL_CONVERSION = YES;
				CLANG_WARN_CONSTANT_CONVERSION = YES;
				CLANG_WARN_DIRECT_OBJC_ISA_USAGE = YES_ERROR;
				CLANG_WARN_DOCUMENTATION_COMMENTS = YES;
				CLANG_WARN_EMPTY_BODY = YES;
				CLANG_WARN_ENUM_CONVERSION = YES;
				CLANG_WARN_INFINITE_RECURSION = YES;
				CLANG_WARN_INT_CONVERSION = YES;
				CLANG_WARN_OBJC_ROOT_CLASS = YES_ERROR;
				CLANG_WARN_SUSPICIOUS_MOVES = YES;
				CLANG_WARN_UNREACHABLE_CODE = YES;
				CLANG_WARN__DUPLICATE_METHOD_MATCH = YES;
				"CODE_SIGN_IDENTITY[sdk=iphoneos*]" = "iPhone Developer";
				COPY_PHASE_STRIP = NO;
				DEBUG_INFORMATION_FORMAT = "dwarf-with-dsym";
				ENABLE_NS_ASSERTIONS = NO;
				ENABLE_STRICT_OBJC_MSGSEND = YES;
				GCC_C_LANGUAGE_STANDARD = gnu99;
				GCC_NO_COMMON_BLOCKS = YES;
				GCC_WARN_64_TO_32_BIT_CONVERSION = YES;
				GCC_WARN_ABOUT_RETURN_TYPE = YES_ERROR;
				GCC_WARN_UNDECLARED_SELECTOR = YES;
				GCC_WARN_UNINITIALIZED_AUTOS = YES_AGGRESSIVE;
				GCC_WARN_UNUSED_FUNCTION = YES;
				GCC_WARN_UNUSED_VARIABLE = YES;
				IPHONEOS_DEPLOYMENT_TARGET = 10.0;
				MTL_ENABLE_DEBUG_INFO = NO;
				SDKROOT = iphoneos;
				SWIFT_OPTIMIZATION_LEVEL = "-Owholemodule";
				TARGETED_DEVICE_FAMILY = "1,2";
				VALIDATE_PRODUCT = YES;
			};
			name = Release;
		};
		1B7A29CF1DBA91BF00C18295 /* Debug */ = {
			isa = XCBuildConfiguration;
			buildSettings = {
				ASSETCATALOG_COMPILER_APPICON_NAME = AppIcon;
				DEVELOPMENT_TEAM = T968CB326T;
				INFOPLIST_FILE = "honey-do-list/Info.plist";
				LD_RUNPATH_SEARCH_PATHS = "$(inherited) @executable_path/Frameworks";
				PRODUCT_BUNDLE_IDENTIFIER = "shalai.nyc.honey-do-list";
				PRODUCT_NAME = "$(TARGET_NAME)";
				SWIFT_VERSION = 3.0;
			};
			name = Debug;
		};
		1B7A29D01DBA91BF00C18295 /* Release */ = {
			isa = XCBuildConfiguration;
			buildSettings = {
				ASSETCATALOG_COMPILER_APPICON_NAME = AppIcon;
				DEVELOPMENT_TEAM = T968CB326T;
				INFOPLIST_FILE = "honey-do-list/Info.plist";
				LD_RUNPATH_SEARCH_PATHS = "$(inherited) @executable_path/Frameworks";
				PRODUCT_BUNDLE_IDENTIFIER = "shalai.nyc.honey-do-list";
				PRODUCT_NAME = "$(TARGET_NAME)";
				SWIFT_VERSION = 3.0;
			};
			name = Release;
		};
/* End XCBuildConfiguration section */

/* Begin XCConfigurationList section */
		1B7A29B41DBA91BF00C18295 /* Build configuration list for PBXProject "honey-do-list" */ = {
			isa = XCConfigurationList;
			buildConfigurations = (
				1B7A29CC1DBA91BF00C18295 /* Debug */,
				1B7A29CD1DBA91BF00C18295 /* Release */,
			);
			defaultConfigurationIsVisible = 0;
			defaultConfigurationName = Release;
		};
		1B7A29CE1DBA91BF00C18295 /* Build configuration list for PBXNativeTarget "honey-do-list" */ = {
			isa = XCConfigurationList;
			buildConfigurations = (
				1B7A29CF1DBA91BF00C18295 /* Debug */,
				1B7A29D01DBA91BF00C18295 /* Release */,
			);
			defaultConfigurationIsVisible = 0;
		};
/* End XCConfigurationList section */

/* Begin XCVersionGroup section */
		1B7A29C31DBA91BF00C18295 /* honey_do_list.xcdatamodeld */ = {
			isa = XCVersionGroup;
			children = (
				1B7A29C41DBA91BF00C18295 /* honey_do_list.xcdatamodel */,
			);
			currentVersion = 1B7A29C41DBA91BF00C18295 /* honey_do_list.xcdatamodel */;
			path = honey_do_list.xcdatamodeld;
			sourceTree = "<group>";
			versionGroupType = wrapper.xcdatamodel;
		};
/* End XCVersionGroup section */
	};
	rootObject = 1B7A29B11DBA91BF00C18295 /* Project object */;
}
